{
  "nodes": {
    "devenv": {
      "locked": {
        "dir": "src/modules",
        "lastModified": 1784696310,
        "narHash": "sha256-EeZH7UbjqoJHHrN1DkV32DxZ8OMGh/2kla94lpO17eE=",
        "owner": "cachix",
        "repo": "devenv",
        "rev": "ef185b5a38445777194bc8469fc1cdebd99e7dbc",
        "type": "github"
      },
      "original": {
        "dir": "src/modules",
        "owner": "cachix",
        "repo": "devenv",
        "type": "github"
      }
    },
    "fenix": {
      "inputs": {
        "nixpkgs": [
          "nixpkgs"
        ],
        "rust-analyzer-src": "rust-analyzer-src"
      },
      "locked": {
        "lastModified": 1784709340,
        "narHash": "sha256-qsmQMPL+qInjXfdjX0RquObSKcs5h/4D63IWH9j4+Ro=",
        "owner": "nix-community",
        "repo": "fenix",
        "rev": "fa09e6473a0dfd673e6cb9a37741aec513b4bb2a",
        "type": "github"
      },
      "original": {
        "owner": "nix-community",
        "repo": "fenix",
        "type": "github"
      }
    },
    "nixpkgs": {
      "locked": {
        "lastModified": 1784555310,
        "narHash": "sha256-/FCliTPgiuV1owejZFNx3Ch9irdvkOfOFl+HHZ+DrtM=",
        "owner": "NixOS",
        "repo": "nixpkgs",
        "rev": "421eebfd0ec7bccd4abe826ce62d7e6e83129493",
        "type": "github"
      },
      "original": {
        "owner": "NixOS",
        "ref": "nixpkgs-unstable",
        "repo": "nixpkgs",
        "type": "github"
      }
    },
    "root": {
      "inputs": {
        "devenv": "devenv",
        "fenix": "fenix",
        "nixpkgs": "nixpkgs",
        "rust-overlay": "rust-overlay"
      }
    },
    "rust-analyzer-src": {
      "flake": false,
      "locked": {
        "lastModified": 1784667699,
        "narHash": "sha256-853teJQOgTTKRfNxcIJ53ziJOGNeg3c74PvQl5l61Jc=",
        "owner": "rust-lang",
        "repo": "rust-analyzer",
        "rev": "1174734d9c6453d13d2b5e3d578512c579ca37f1",
        "type": "github"
      },
      "original": {
        "owner": "rust-lang",
        "ref": "nightly",
        "repo": "rust-analyzer",
        "type": "github"
      }
    },
    "rust-overlay": {
      "inputs": {
        "nixpkgs": [
          "nixpkgs"
        ]
      },
      "locked": {
        "lastModified": 1784697913,
        "narHash": "sha256-DK+AmC9SQ9hmOFNIMu1l05gJtsmKyYsfJnuFtt1TnAU=",
        "owner": "oxalica",
        "repo": "rust-overlay",
        "rev": "47759faaddf38fadaf172151ca9df8adae9c0b2e",
        "type": "github"
      },
      "original": {
        "owner": "oxalica",
        "repo": "rust-overlay",
        "type": "github"
      }
    }
  },
  "root": "root",
  "version": 7
}