{
  "nodes": {
    "devenv": {
      "locked": {
        "dir": "src/modules",
        "lastModified": 1778705971,
        "narHash": "sha256-n0LjnKBAjJ5/mgNzOCeVvAeHUrNMUZ3fBQx/UDCkHtQ=",
        "owner": "cachix",
        "repo": "devenv",
        "rev": "64d4353a3628c4138c84d8ba10987da2ba27fddd",
        "type": "github"
      },
      "original": {
        "dir": "src/modules",
        "owner": "cachix",
        "repo": "devenv",
        "type": "github"
      }
    },
    "fenix": {
      "inputs": {
        "nixpkgs": [
          "nixpkgs"
        ],
        "rust-analyzer-src": "rust-analyzer-src"
      },
      "locked": {
        "lastModified": 1778748763,
        "narHash": "sha256-x4dC4C/GtyOGlgIAPml8SfXeHwLkG/66r7zk7ueL0OM=",
        "owner": "nix-community",
        "repo": "fenix",
        "rev": "67a701a5cb6507815a33d8f7b3466c78a7d724e7",
        "type": "github"
      },
      "original": {
        "owner": "nix-community",
        "repo": "fenix",
        "type": "github"
      }
    },
    "nixpkgs": {
      "locked": {
        "lastModified": 1778672786,
        "narHash": "sha256-Blg88K1jwG+P0Mr27+rKMFCufdrWkV3wWh9AdYtz0FQ=",
        "owner": "NixOS",
        "repo": "nixpkgs",
        "rev": "eef00dfd8a712b34af845f9350bac681b1228bd1",
        "type": "github"
      },
      "original": {
        "owner": "NixOS",
        "ref": "nixpkgs-unstable",
        "repo": "nixpkgs",
        "type": "github"
      }
    },
    "root": {
      "inputs": {
        "devenv": "devenv",
        "fenix": "fenix",
        "nixpkgs": "nixpkgs",
        "rust-overlay": "rust-overlay"
      }
    },
    "rust-analyzer-src": {
      "flake": false,
      "locked": {
        "lastModified": 1778703600,
        "narHash": "sha256-EpgXYEuDyqWKcyhO4EP/nRY+7ZnQwNDBYMVb/k06ME4=",
        "owner": "rust-lang",
        "repo": "rust-analyzer",
        "rev": "77db6109f0952f64ffc94d2e4215aa20b3d703bf",
        "type": "github"
      },
      "original": {
        "owner": "rust-lang",
        "ref": "nightly",
        "repo": "rust-analyzer",
        "type": "github"
      }
    },
    "rust-overlay": {
      "inputs": {
        "nixpkgs": [
          "nixpkgs"
        ]
      },
      "locked": {
        "lastModified": 1778728594,
        "narHash": "sha256-+gIOsOzqWNfn+ThCXBQGcLHVEnaGQW59XjghE9JUIYk=",
        "owner": "oxalica",
        "repo": "rust-overlay",
        "rev": "83a17ebffcfacb17b49e1b5e9dc15eed07936648",
        "type": "github"
      },
      "original": {
        "owner": "oxalica",
        "repo": "rust-overlay",
        "type": "github"
      }
    }
  },
  "root": "root",
  "version": 7
}