lockfileVersion: '9.0'

settings:
  autoInstallPeers: true
  excludeLinksFromLockfile: false

importers:

  .:
    dependencies:
      '@tauri-apps/api':
        specifier: 2.9.1
        version: 2.9.1
    devDependencies:
      '@rollup/plugin-typescript':
        specifier: ^12.3.0
        version: 12.3.0(rollup@4.62.2)(tslib@2.8.1)(typescript@5.9.3)
      rollup:
        specifier: ^4.59.0
        version: 4.62.2
      tslib:
        specifier: ^2.8.1
        version: 2.8.1
      typescript:
        specifier: 5.9.3
        version: 5.9.3

packages:

  '@rollup/plugin-typescript@12.3.0':
    resolution: {integrity: sha512-7DP0/p7y3t67+NabT9f8oTBFE6gGkto4SA6Np2oudYmZE/m1dt8RB0SjL1msMxFpLo631qjRCcBlAbq1ml/Big==}
    engines: {node: '>=14.0.0'}
    peerDependencies:
      rollup: ^2.14.0||^3.0.0||^4.0.0
      tslib: '*'
      typescript: '>=3.7.0'
    peerDependenciesMeta:
      rollup:
        optional: true
      tslib:
        optional: true

  '@rollup/pluginutils@5.3.0':
    resolution: {integrity: sha512-5EdhGZtnu3V88ces7s53hhfK5KSASnJZv8Lulpc04cWO3REESroJXg73DFsOmgbU2BhwV0E20bu2IDZb3VKW4Q==}
    engines: {node: '>=14.0.0'}
    peerDependencies:
      rollup: ^1.20.0||^2.0.0||^3.0.0||^4.0.0
    peerDependenciesMeta:
      rollup:
        optional: true

  '@rollup/rollup-android-arm-eabi@4.62.2':
    resolution: {integrity: sha512-6o7ZLZK+BeenkZCFNDXqpbjw9bD6nuWonvS/lwQJp7NoVVxm6p3qE7qQ5jGuBjiFsgvqjD8mZAU5oWxTmbOeOg==}
    cpu: [arm]
    os: [android]

  '@rollup/rollup-android-arm64@4.62.2':
    resolution: {integrity: sha512-BaH7BllCACHoH1LguOU56UItGfUWjujlO65kS9LAodViaN4bwIKd7oeW/ZHJ/4ljr/7MIiENnNy3HJ0zXv8Zkw==}
    cpu: [arm64]
    os: [android]

  '@rollup/rollup-darwin-arm64@4.62.2':
    resolution: {integrity: sha512-v39RCCvj4He82I9sFmk+M1VZ0PLM9sfsLVikjfx2hYBNALhrrOR2D3JjQA6AhlaSOgcR+RzrKY7e1+bT6SUO/A==}
    cpu: [arm64]
    os: [darwin]

  '@rollup/rollup-darwin-x64@4.62.2':
    resolution: {integrity: sha512-yl0y2vq3S3lHeuXhEdss6TWfKW8vkujImO12tn4ZkG/4oghr09LvdYm2RElVjokTQiUvDUGXLGsYeLqUMCKpGA==}
    cpu: [x64]
    os: [darwin]

  '@rollup/rollup-freebsd-arm64@4.62.2':
    resolution: {integrity: sha512-tT4pvt4qXD+vEoezupCWi+a1F0vvDiksiHc+PxRlYTOH1I6/X4id9jPxTP+Fg+545euaFT1jJVs4CEdHZAU1vw==}
    cpu: [arm64]
    os: [freebsd]

  '@rollup/rollup-freebsd-x64@4.62.2':
    resolution: {integrity: sha512-6nU5F2wCW+qvCBhTn1pdIU3bzsIoF7EUwsCDRxilWGprQR6yd508YnH9+OKFCwpfS8pjZqDUmnCAr7exax0XCg==}
    cpu: [x64]
    os: [freebsd]

  '@rollup/rollup-linux-arm-gnueabihf@4.62.2':
    resolution: {integrity: sha512-n1GJHPOvpIfhi3TmrCeh6S6URt9BFCt0KQE3qvexyGCTAKpR4Lg+eWvNZEqu7epxwus/8ElT3hacYEucm49SZg==}
    cpu: [arm]
    os: [linux]
    libc: [glibc]

  '@rollup/rollup-linux-arm-musleabihf@4.62.2':
    resolution: {integrity: sha512-JqgflS8wEB+UXV/vS1RpRbifGBeN4D5lz8D8oOFbFZw4vedvdOgCFAjfBmIMdW3yL10XpQQ0Ambepw6MXrhOnA==}
    cpu: [arm]
    os: [linux]
    libc: [musl]

  '@rollup/rollup-linux-arm64-gnu@4.62.2':
    resolution: {integrity: sha512-wnFJkogWvN4jm/hQRF2UBaeUmk20j5+DmHvoyWii2b8HJDyvz1MF2OU/6ynXt2KR63rbZLWkFpoytpdc/yBuSA==}
    cpu: [arm64]
    os: [linux]
    libc: [glibc]

  '@rollup/rollup-linux-arm64-musl@4.62.2':
    resolution: {integrity: sha512-HVu2bp0zhvJ8xHEV9+UUs7S90VadmBSY3LcIMvozbPo4AuMGDWlz3ymHLHZPX4hR67TKTt8Qp5PJ5RBg/i+RMQ==}
    cpu: [arm64]
    os: [linux]
    libc: [musl]

  '@rollup/rollup-linux-loong64-gnu@4.62.2':
    resolution: {integrity: sha512-mQqqAV8QaoSgr9I2fKDLY2BAVvmKjWoGiu/cSYQonsLvtqwEn1E4QYfnCOcp5zoEqNhsDYin1s6jx/VJmrxlZg==}
    cpu: [loong64]
    os: [linux]
    libc: [glibc]

  '@rollup/rollup-linux-loong64-musl@4.62.2':
    resolution: {integrity: sha512-IxKLoxCQ2IWi6bT2akyDUBGsOImDKB+sPp4EsTmwFQ/fMwpCKm8uLSSgP/Kx/QYUgKis6SEZ5/Nlhup0DIA0PQ==}
    cpu: [loong64]
    os: [linux]
    libc: [musl]

  '@rollup/rollup-linux-ppc64-gnu@4.62.2':
    resolution: {integrity: sha512-Mk5ha2RQSgyFfmYYLkBpPnUk8D8FriBxesO1u9O75X0mHgXL1UQcH5Itl2lurWL2tj0RxV9b9tJgipac0hRY9A==}
    cpu: [ppc64]
    os: [linux]
    libc: [glibc]

  '@rollup/rollup-linux-ppc64-musl@4.62.2':
    resolution: {integrity: sha512-CjvEnqJL/0/TQ3TXX3OPIJ/kmBellrWd4heXUmHeJlTnmwjKpSJzoehLaL6Xk0ZnMHBu9dZuFADNOrtjF4v+2w==}
    cpu: [ppc64]
    os: [linux]
    libc: [musl]

  '@rollup/rollup-linux-riscv64-gnu@4.62.2':
    resolution: {integrity: sha512-1SiZbzwdkaDURsew/tSOrooKiYy7EQGT6m8ufavAi9NEyQb/6VuIxFXAL1fqa4iZe3g4NbNk4P7J32z2tw5Mgg==}
    cpu: [riscv64]
    os: [linux]
    libc: [glibc]

  '@rollup/rollup-linux-riscv64-musl@4.62.2':
    resolution: {integrity: sha512-nQts12zJ3NQRoE6uYljOH89v7szzLDvG2JD/vsX+vGXU8w/At1GowTZ5/7qeFQ8m7L55rpR8Okugnuo5bgjy2Q==}
    cpu: [riscv64]
    os: [linux]
    libc: [musl]

  '@rollup/rollup-linux-s390x-gnu@4.62.2':
    resolution: {integrity: sha512-E9/ll019jhPIJgpzfZoIkBGhcz+kKNgVWYRY0zr9srBdPPFVpvOKW8VaJKUbeK+eZXyQF9ltME+Kk6affeaPgg==}
    cpu: [s390x]
    os: [linux]
    libc: [glibc]

  '@rollup/rollup-linux-x64-gnu@4.62.2':
    resolution: {integrity: sha512-5BqxR/pshjey51iliyzTD5Xi3EN0aLmQ2lZ3lvefVV9c82BvrLo2/6OT55iifpWBufs6kdwWbuOKS841DrmK9A==}
    cpu: [x64]
    os: [linux]
    libc: [glibc]

  '@rollup/rollup-linux-x64-musl@4.62.2':
    resolution: {integrity: sha512-uNN83XxQrRAh/w0/pmAfibcwyb6YWt4gP+dpnQKPVJshAloQ785ii8CT8ZCIxkGg9opVsvAlGhFitSm6D1Jjpg==}
    cpu: [x64]
    os: [linux]
    libc: [musl]

  '@rollup/rollup-openbsd-x64@4.62.2':
    resolution: {integrity: sha512-srjEIxSH3LRnJN6THczDHWQplqEMFiAJrTab0msUryh9kwNpkICf3Ea6q6MN/2cZwRFUNx5w+h6Hpi4QuHS6Zg==}
    cpu: [x64]
    os: [openbsd]

  '@rollup/rollup-openharmony-arm64@4.62.2':
    resolution: {integrity: sha512-8hOJnxgbyObnCm5AlRA3A931xX19xq80RjVTKgJOvEKWqJruP/Uf12IbAOaDjjEXYRewwHLfmF0YRIdK3OwKWA==}
    cpu: [arm64]
    os: [openharmony]

  '@rollup/rollup-win32-arm64-msvc@4.62.2':
    resolution: {integrity: sha512-mmF4AY1i0hG/bLWUctUq59gtmgaSIRa3cu/A3JFRp/sCNEme2bgDEiDS22P9FbnJB8NJNF4jPJiSP5RHQpUTDg==}
    cpu: [arm64]
    os: [win32]

  '@rollup/rollup-win32-ia32-msvc@4.62.2':
    resolution: {integrity: sha512-DZgkknc6jhHrk46V25vbAM0zZkyP0nSDkJB8/dRkLTxv470dOmWDqGoEJl/9A0dFfS7yE3REOwNDxpHwSLSt0Q==}
    cpu: [ia32]
    os: [win32]

  '@rollup/rollup-win32-x64-gnu@4.62.2':
    resolution: {integrity: sha512-T6xr6ucWSFto+VGajA8YH26LdpHRuP4YLHEKAtCWvJDOlnmWcDZVCI2Jmjr+IFHDlt2zRaTAKE4tfjTaWLgJBg==}
    cpu: [x64]
    os: [win32]

  '@rollup/rollup-win32-x64-msvc@4.62.2':
    resolution: {integrity: sha512-BfzEnDJOt9T8M989/lA37EcJgat01wLRnoi5dQf3QzOH7jzpqTAzdDbVfRljVr5r+jzKqpbHeyOfAaXxAd0PAA==}
    cpu: [x64]
    os: [win32]

  '@tauri-apps/api@2.9.1':
    resolution: {integrity: sha512-IGlhP6EivjXHepbBic618GOmiWe4URJiIeZFlB7x3czM0yDHHYviH1Xvoiv4FefdkQtn6v7TuwWCRfOGdnVUGw==}

  '@types/estree@1.0.8':
    resolution: {integrity: sha512-dWHzHa2WqEXI/O1E9OjrocMTKJl2mSrEolh1Iomrv6U+JuNwaHXsXx9bLu5gG7BUWFIN0skIQJQ/L1rIex4X6w==}

  '@types/estree@1.0.9':
    resolution: {integrity: sha512-GhdPgy1el4/ImP05X05Uw4cw2/M93BCUmnEvWZNStlCzEKME4Fkk+YpoA5OiHNQmoS7Cafb8Xa3Pya8m1Qrzeg==}

  estree-walker@2.0.2:
    resolution: {integrity: sha512-Rfkk/Mp/DL7JVje3u18FxFujQlTNR2q6QfMSMB7AvCBx91NGj/ba3kCfza0f6dVDbw7YlRf/nDrn7pQrCCyQ/w==}

  fsevents@2.3.3:
    resolution: {integrity: sha512-5xoDfX+fL7faATnagmWPpbFtwh/R77WmMMqqHGS65C3vvB0YHrgF+B1YmZ3441tMj5n63k0212XNoJwzlhffQw==}
    engines: {node: ^8.16.0 || ^10.6.0 || >=11.0.0}
    os: [darwin]

  function-bind@1.1.2:
    resolution: {integrity: sha512-7XHNxH7qX9xG5mIwxkhumTox/MIRNcOgDrxWsMt2pAr23WHp6MrRlN7FBSFpCpr+oVO0F744iUgR82nJMfG2SA==}

  hasown@2.0.2:
    resolution: {integrity: sha512-0hJU9SCPvmMzIBdZFqNPXWa6dqh7WdH0cII9y+CyS8rG3nL48Bclra9HmKhVVUHyPWNH5Y7xDwAB7bfgSjkUMQ==}
    engines: {node: '>= 0.4'}

  is-core-module@2.16.1:
    resolution: {integrity: sha512-UfoeMA6fIJ8wTYFEUjelnaGI67v6+N7qXJEvQuIGa99l4xsCruSYOVSQ0uPANn4dAzm8lkYPaKLrrijLq7x23w==}
    engines: {node: '>= 0.4'}

  path-parse@1.0.7:
    resolution: {integrity: sha512-LDJzPVEEEPR+y48z93A0Ed0yXb8pAByGWo/k5YYdYgpY2/2EsOsksJrq7lOHxryrVOn1ejG6oAp8ahvOIQD8sw==}

  picomatch@4.0.3:
    resolution: {integrity: sha512-5gTmgEY/sqK6gFXLIsQNH19lWb4ebPDLA4SdLP7dsWkIXHWlG66oPuVvXSGFPppYZz8ZDZq0dYYrbHfBCVUb1Q==}
    engines: {node: '>=12'}

  resolve@1.22.11:
    resolution: {integrity: sha512-RfqAvLnMl313r7c9oclB1HhUEAezcpLjz95wFH4LVuhk9JF/r22qmVP9AMmOU4vMX7Q8pN8jwNg/CSpdFnMjTQ==}
    engines: {node: '>= 0.4'}
    hasBin: true

  rollup@4.62.2:
    resolution: {integrity: sha512-RFnrW4lhXA3s3eqHDZvN654g8OTjzRfqpIRJYczCGB6HzphckVAi/Qh4tbPUbRuDi7s1Llv8g/NspLkttY3gTA==}
    engines: {node: '>=18.0.0', npm: '>=8.0.0'}
    hasBin: true

  supports-preserve-symlinks-flag@1.0.0:
    resolution: {integrity: sha512-ot0WnXS9fgdkgIcePe6RHNk1WA8+muPa6cSjeR3V8K27q9BB1rTE3R1p7Hv0z1ZyAc8s6Vvv8DIyWf681MAt0w==}
    engines: {node: '>= 0.4'}

  tslib@2.8.1:
    resolution: {integrity: sha512-oJFu94HQb+KVduSUQL7wnpmqnfmLsOA/nAh6b6EH0wCEoK0/mPeXU6c3wKDV83MkOuHPRHtSXKKU99IBazS/2w==}

  typescript@5.9.3:
    resolution: {integrity: sha512-jl1vZzPDinLr9eUt3J/t7V6FgNEw9QjvBPdysz9KfQDD41fQrC2Y4vKQdiaUpFT4bXlb1RHhLpp8wtm6M5TgSw==}
    engines: {node: '>=14.17'}
    hasBin: true

snapshots:

  '@rollup/plugin-typescript@12.3.0(rollup@4.62.2)(tslib@2.8.1)(typescript@5.9.3)':
    dependencies:
      '@rollup/pluginutils': 5.3.0(rollup@4.62.2)
      resolve: 1.22.11
      typescript: 5.9.3
    optionalDependencies:
      rollup: 4.62.2
      tslib: 2.8.1

  '@rollup/pluginutils@5.3.0(rollup@4.62.2)':
    dependencies:
      '@types/estree': 1.0.8
      estree-walker: 2.0.2
      picomatch: 4.0.3
    optionalDependencies:
      rollup: 4.62.2

  '@rollup/rollup-android-arm-eabi@4.62.2':
    optional: true

  '@rollup/rollup-android-arm64@4.62.2':
    optional: true

  '@rollup/rollup-darwin-arm64@4.62.2':
    optional: true

  '@rollup/rollup-darwin-x64@4.62.2':
    optional: true

  '@rollup/rollup-freebsd-arm64@4.62.2':
    optional: true

  '@rollup/rollup-freebsd-x64@4.62.2':
    optional: true

  '@rollup/rollup-linux-arm-gnueabihf@4.62.2':
    optional: true

  '@rollup/rollup-linux-arm-musleabihf@4.62.2':
    optional: true

  '@rollup/rollup-linux-arm64-gnu@4.62.2':
    optional: true

  '@rollup/rollup-linux-arm64-musl@4.62.2':
    optional: true

  '@rollup/rollup-linux-loong64-gnu@4.62.2':
    optional: true

  '@rollup/rollup-linux-loong64-musl@4.62.2':
    optional: true

  '@rollup/rollup-linux-ppc64-gnu@4.62.2':
    optional: true

  '@rollup/rollup-linux-ppc64-musl@4.62.2':
    optional: true

  '@rollup/rollup-linux-riscv64-gnu@4.62.2':
    optional: true

  '@rollup/rollup-linux-riscv64-musl@4.62.2':
    optional: true

  '@rollup/rollup-linux-s390x-gnu@4.62.2':
    optional: true

  '@rollup/rollup-linux-x64-gnu@4.62.2':
    optional: true

  '@rollup/rollup-linux-x64-musl@4.62.2':
    optional: true

  '@rollup/rollup-openbsd-x64@4.62.2':
    optional: true

  '@rollup/rollup-openharmony-arm64@4.62.2':
    optional: true

  '@rollup/rollup-win32-arm64-msvc@4.62.2':
    optional: true

  '@rollup/rollup-win32-ia32-msvc@4.62.2':
    optional: true

  '@rollup/rollup-win32-x64-gnu@4.62.2':
    optional: true

  '@rollup/rollup-win32-x64-msvc@4.62.2':
    optional: true

  '@tauri-apps/api@2.9.1': {}

  '@types/estree@1.0.8': {}

  '@types/estree@1.0.9': {}

  estree-walker@2.0.2: {}

  fsevents@2.3.3:
    optional: true

  function-bind@1.1.2: {}

  hasown@2.0.2:
    dependencies:
      function-bind: 1.1.2

  is-core-module@2.16.1:
    dependencies:
      hasown: 2.0.2

  path-parse@1.0.7: {}

  picomatch@4.0.3: {}

  resolve@1.22.11:
    dependencies:
      is-core-module: 2.16.1
      path-parse: 1.0.7
      supports-preserve-symlinks-flag: 1.0.0

  rollup@4.62.2:
    dependencies:
      '@types/estree': 1.0.9
    optionalDependencies:
      '@rollup/rollup-android-arm-eabi': 4.62.2
      '@rollup/rollup-android-arm64': 4.62.2
      '@rollup/rollup-darwin-arm64': 4.62.2
      '@rollup/rollup-darwin-x64': 4.62.2
      '@rollup/rollup-freebsd-arm64': 4.62.2
      '@rollup/rollup-freebsd-x64': 4.62.2
      '@rollup/rollup-linux-arm-gnueabihf': 4.62.2
      '@rollup/rollup-linux-arm-musleabihf': 4.62.2
      '@rollup/rollup-linux-arm64-gnu': 4.62.2
      '@rollup/rollup-linux-arm64-musl': 4.62.2
      '@rollup/rollup-linux-loong64-gnu': 4.62.2
      '@rollup/rollup-linux-loong64-musl': 4.62.2
      '@rollup/rollup-linux-ppc64-gnu': 4.62.2
      '@rollup/rollup-linux-ppc64-musl': 4.62.2
      '@rollup/rollup-linux-riscv64-gnu': 4.62.2
      '@rollup/rollup-linux-riscv64-musl': 4.62.2
      '@rollup/rollup-linux-s390x-gnu': 4.62.2
      '@rollup/rollup-linux-x64-gnu': 4.62.2
      '@rollup/rollup-linux-x64-musl': 4.62.2
      '@rollup/rollup-openbsd-x64': 4.62.2
      '@rollup/rollup-openharmony-arm64': 4.62.2
      '@rollup/rollup-win32-arm64-msvc': 4.62.2
      '@rollup/rollup-win32-ia32-msvc': 4.62.2
      '@rollup/rollup-win32-x64-gnu': 4.62.2
      '@rollup/rollup-win32-x64-msvc': 4.62.2
      fsevents: 2.3.3

  supports-preserve-symlinks-flag@1.0.0: {}

  tslib@2.8.1: {}

  typescript@5.9.3: {}
